
Microsoft Visual Studio Solution File, Format Version 12.00
# Visual Studio Version 17
VisualStudioVersion = 17.12.35707.178 d17.12
MinimumVisualStudioVersion = 10.0.40219.1
Project("{FAE04EC0-301F-11D3-BF4B-00C04F79EFBC}") = "OrderManagement.Domain", "OrderManagement.Domain\OrderManagement.Domain.csproj", "{1B7F3632-ED76-4421-A4A7-EC75B4D1D4E5}"
EndProject
Project("{FAE04EC0-301F-11D3-BF4B-00C04F79EFBC}") = "OrderManagement.API", "OrderManagement.API\OrderManagement.API.csproj", "{89C26707-C297-46DC-B619-7EC0DD36C045}"
EndProject
Project("{FAE04EC0-301F-11D3-BF4B-00C04F79EFBC}") = "OrderManagement.Infrastructure", "OrderManagement.Infrastructure\OrderManagement.Infrastructure.csproj", "{4D87157B-233C-4641-9D01-589F542061E6}"
EndProject
Global
	GlobalSection(SolutionConfigurationPlatforms) = preSolution
		Debug|Any CPU = Debug|Any CPU
		Release|Any CPU = Release|Any CPU
	EndGlobalSection
	GlobalSection(ProjectConfigurationPlatforms) = postSolution
		{1B7F3632-ED76-4421-A4A7-EC75B4D1D4E5}.Debug|Any CPU.ActiveCfg = Debug|Any CPU
		{1B7F3632-ED76-4421-A4A7-EC75B4D1D4E5}.Debug|Any CPU.Build.0 = Debug|Any CPU
		{1B7F3632-ED76-4421-A4A7-EC75B4D1D4E5}.Release|Any CPU.ActiveCfg = Release|Any CPU
		{1B7F3632-ED76-4421-A4A7-EC75B4D1D4E5}.Release|Any CPU.Build.0 = Release|Any CPU
		{89C26707-C297-46DC-B619-7EC0DD36C045}.Debug|Any CPU.ActiveCfg = Debug|Any CPU
		{89C26707-C297-46DC-B619-7EC0DD36C045}.Debug|Any CPU.Build.0 = Debug|Any CPU
		{89C26707-C297-46DC-B619-7EC0DD36C045}.Release|Any CPU.ActiveCfg = Release|Any CPU
		{89C26707-C297-46DC-B619-7EC0DD36C045}.Release|Any CPU.Build.0 = Release|Any CPU
		{4D87157B-233C-4641-9D01-589F542061E6}.Debug|Any CPU.ActiveCfg = Debug|Any CPU
		{4D87157B-233C-4641-9D01-589F542061E6}.Debug|Any CPU.Build.0 = Debug|Any CPU
		{4D87157B-233C-4641-9D01-589F542061E6}.Release|Any CPU.ActiveCfg = Release|Any CPU
		{4D87157B-233C-4641-9D01-589F542061E6}.Release|Any CPU.Build.0 = Release|Any CPU
	EndGlobalSection
	GlobalSection(SolutionProperties) = preSolution
		HideSolutionNode = FALSE
	EndGlobalSection
EndGlobal
